
Microsoft Visual Studio Solution File, Format Version 12.00
# Visual Studio Version 17
VisualStudioVersion = 17.1.32414.318
MinimumVisualStudioVersion = 10.0.40219.1
Project("{FAE04EC0-301F-11D3-BF4B-00C04F79EFBC}") = "Deliverable1", "Deliverable1.csproj", "{8B5B36D8-1A89-4D30-A8A1-B506B7CAEE8F}"
EndProject
Global
	GlobalSection(SolutionConfigurationPlatforms) = preSolution
		Debug|Any CPU = Debug|Any CPU
		Release|Any CPU = Release|Any CPU
	EndGlobalSection
	GlobalSection(ProjectConfigurationPlatforms) = postSolution
		{8B5B36D8-1A89-4D30-A8A1-B506B7CAEE8F}.Debug|Any CPU.ActiveCfg = Debug|Any CPU
		{8B5B36D8-1A89-4D30-A8A1-B506B7CAEE8F}.Debug|Any CPU.Build.0 = Debug|Any CPU
		{8B5B36D8-1A89-4D30-A8A1-B506B7CAEE8F}.Release|Any CPU.ActiveCfg = Release|Any CPU
		{8B5B36D8-1A89-4D30-A8A1-B506B7CAEE8F}.Release|Any CPU.Build.0 = Release|Any CPU
	EndGlobalSection
	GlobalSection(SolutionProperties) = preSolution
		HideSolutionNode = FALSE
	EndGlobalSection
	GlobalSection(ExtensibilityGlobals) = postSolution
		SolutionGuid = {D017F55E-D168-47B1-A559-967CE310C715}
	EndGlobalSection
EndGlobal
